
Microsoft Visual Studio Solution File, Format Version 12.00
# Visual Studio Version 17
VisualStudioVersion = 17.7.34024.191
MinimumVisualStudioVersion = 10.0.40219.1
Project("{FAE04EC0-301F-11D3-BF4B-00C04F79EFBC}") = "CrudApiClient", "CrudApiClient.csproj", "{05AEF75A-EF41-43EB-B758-D8E264C16803}"
EndProject
Global
	GlobalSection(SolutionConfigurationPlatforms) = preSolution
		Debug|Any CPU = Debug|Any CPU
		Release|Any CPU = Release|Any CPU
	EndGlobalSection
	GlobalSection(ProjectConfigurationPlatforms) = postSolution
		{05AEF75A-EF41-43EB-B758-D8E264C16803}.Debug|Any CPU.ActiveCfg = Debug|Any CPU
		{05AEF75A-EF41-43EB-B758-D8E264C16803}.Debug|Any CPU.Build.0 = Debug|Any CPU
		{05AEF75A-EF41-43EB-B758-D8E264C16803}.Release|Any CPU.ActiveCfg = Release|Any CPU
		{05AEF75A-EF41-43EB-B758-D8E264C16803}.Release|Any CPU.Build.0 = Release|Any CPU
	EndGlobalSection
	GlobalSection(SolutionProperties) = preSolution
		HideSolutionNode = FALSE
	EndGlobalSection
	GlobalSection(ExtensibilityGlobals) = postSolution
		SolutionGuid = {F5F9E7FC-E506-4DC9-9F98-69CD907C3217}
	EndGlobalSection
EndGlobal
